
Microsoft Visual Studio Solution File, Format Version 12.00
# Visual Studio Version 17
VisualStudioVersion = 17.5.33627.172
MinimumVisualStudioVersion = 10.0.40219.1
Project("{FAE04EC0-301F-11D3-BF4B-00C04F79EFBC}") = "SporSalonuUygulaması", "SporSalonuUygulaması\SporSalonuUygulaması.csproj", "{AF44DA43-F0BE-49AB-AD4F-38BAC6860EC1}"
EndProject
Global
	GlobalSection(SolutionConfigurationPlatforms) = preSolution
		Debug|Any CPU = Debug|Any CPU
		Release|Any CPU = Release|Any CPU
	EndGlobalSection
	GlobalSection(ProjectConfigurationPlatforms) = postSolution
		{AF44DA43-F0BE-49AB-AD4F-38BAC6860EC1}.Debug|Any CPU.ActiveCfg = Debug|Any CPU
		{AF44DA43-F0BE-49AB-AD4F-38BAC6860EC1}.Debug|Any CPU.Build.0 = Debug|Any CPU
		{AF44DA43-F0BE-49AB-AD4F-38BAC6860EC1}.Release|Any CPU.ActiveCfg = Release|Any CPU
		{AF44DA43-F0BE-49AB-AD4F-38BAC6860EC1}.Release|Any CPU.Build.0 = Release|Any CPU
	EndGlobalSection
	GlobalSection(SolutionProperties) = preSolution
		HideSolutionNode = FALSE
	EndGlobalSection
	GlobalSection(ExtensibilityGlobals) = postSolution
		SolutionGuid = {E2CDB47F-00D1-4B6D-9D87-538838BE7086}
	EndGlobalSection
EndGlobal
